// !$*UTF8*$!
{
	archiveVersion = 1;
	classes = {
	};
	objectVersion = 77;
	objects = {

/* Begin PBXBuildFile section */
		0C7D09F34416420DC45E5502 /* GhosttyTerminal in Frameworks */ = {isa = PBXBuildFile; productRef = D82EC482864275C18DDA7148 /* GhosttyTerminal */; };
		1DA012FF1D6E47A5C4526CDD /* GRDB in Frameworks */ = {isa = PBXBuildFile; productRef = A6B5B2852F80AB96002ED882 /* GRDB */; };
		2E7A5F0FA800F41C6235CA58 /* NIOFoundationCompat in Frameworks */ = {isa = PBXBuildFile; productRef = A6B5ACD42F809100002ED882 /* NIOFoundationCompat */; };
		45EDDB69BB96778846B2D67B /* GRDBQuery in Frameworks */ = {isa = PBXBuildFile; productRef = A6B5B2882F80ABBA002ED882 /* GRDBQuery */; };
		791CBF944BC00E232F44FDF8 /* NIOCore in Frameworks */ = {isa = PBXBuildFile; productRef = A6B5ACD32F809100002ED882 /* NIOCore */; };
		A6B5ACB22F808000002ED882 /* GhosttyKit in Frameworks */ = {isa = PBXBuildFile; productRef = A6B5ACB12F808000002ED882 /* GhosttyKit */; };
		A6B5ACD72F809100002ED882 /* NIOCore in Frameworks */ = {isa = PBXBuildFile; productRef = A6B5ACD32F809100002ED882 /* NIOCore */; };
		A6B5ACD82F809100002ED882 /* NIOFoundationCompat in Frameworks */ = {isa = PBXBuildFile; productRef = A6B5ACD42F809100002ED882 /* NIOFoundationCompat */; };
		A6B5ACD92F809100002ED882 /* NIOSSH in Frameworks */ = {isa = PBXBuildFile; productRef = A6B5ACD52F809100002ED882 /* NIOSSH */; };
		A6B5ACDA2F809100002ED882 /* NIOTransportServices in Frameworks */ = {isa = PBXBuildFile; productRef = A6B5ACD62F809100002ED882 /* NIOTransportServices */; };
		A6B5B2862F80AB96002ED882 /* GRDB in Frameworks */ = {isa = PBXBuildFile; productRef = A6B5B2852F80AB96002ED882 /* GRDB */; };
		A6B5B2892F80ABBA002ED882 /* GRDBQuery in Frameworks */ = {isa = PBXBuildFile; productRef = A6B5B2882F80ABBA002ED882 /* GRDBQuery */; };
		BA66B3468CE896C6C148382F /* NIOTransportServices in Frameworks */ = {isa = PBXBuildFile; productRef = A6B5ACD62F809100002ED882 /* NIOTransportServices */; };
		ED8BD57F904B11F9266DD8E7 /* GhosttyKit in Frameworks */ = {isa = PBXBuildFile; productRef = A6B5ACB12F808000002ED882 /* GhosttyKit */; };
		FC1DABAB48A9C00310B65FB0 /* NIOSSH in Frameworks */ = {isa = PBXBuildFile; productRef = A6B5ACD52F809100002ED882 /* NIOSSH */; };
/* End PBXBuildFile section */

/* Begin PBXContainerItemProxy section */
		A6B5AC812F7F7BEA002ED882 /* PBXContainerItemProxy */ = {
			isa = PBXContainerItemProxy;
			containerPortal = A6B5AC6B2F7F7BE9002ED882 /* Project object */;
			proxyType = 1;
			remoteGlobalIDString = A6B5AC722F7F7BE9002ED882;
			remoteInfo = Termsy;
		};
		A6B5AC8B2F7F7BEA002ED882 /* PBXContainerItemProxy */ = {
			isa = PBXContainerItemProxy;
			containerPortal = A6B5AC6B2F7F7BE9002ED882 /* Project object */;
			proxyType = 1;
			remoteGlobalIDString = A6B5AC722F7F7BE9002ED882;
			remoteInfo = Termsy;
		};
/* End PBXContainerItemProxy section */

/* Begin PBXFileReference section */
		40A863FA45E38E353C433157 /* TermsyMac.app */ = {isa = PBXFileReference; explicitFileType = wrapper.application; includeInIndex = 0; path = TermsyMac.app; sourceTree = BUILT_PRODUCTS_DIR; };
		A6B5AC732F7F7BE9002ED882 /* Termsy.app */ = {isa = PBXFileReference; explicitFileType = wrapper.application; includeInIndex = 0; path = Termsy.app; sourceTree = BUILT_PRODUCTS_DIR; };
		A6B5AC802F7F7BEA002ED882 /* TermsyTests.xctest */ = {isa = PBXFileReference; explicitFileType = wrapper.cfbundle; includeInIndex = 0; path = TermsyTests.xctest; sourceTree = BUILT_PRODUCTS_DIR; };
		A6B5AC8A2F7F7BEA002ED882 /* TermsyUITests.xctest */ = {isa = PBXFileReference; explicitFileType = wrapper.cfbundle; includeInIndex = 0; path = TermsyUITests.xctest; sourceTree = BUILT_PRODUCTS_DIR; };
/* End PBXFileReference section */

/* Begin PBXFileSystemSynchronizedRootGroup section */
		031544C03F3EEB5EA3B3EAFF /* Termsy/Models */ = {
			isa = PBXFileSystemSynchronizedRootGroup;
			path = Termsy/Models;
			sourceTree = "<group>";
		};
		1783916213A44D02C861C5C0 /* TermsyMac */ = {
			isa = PBXFileSystemSynchronizedRootGroup;
			path = TermsyMac;
			sourceTree = "<group>";
		};
		2FC9AD2DEB76E926B47026C9 /* Termsy/SSH */ = {
			isa = PBXFileSystemSynchronizedRootGroup;
			path = Termsy/SSH;
			sourceTree = "<group>";
		};
		34F32C831C6CDBA240338E57 /* Termsy/Platform */ = {
			isa = PBXFileSystemSynchronizedRootGroup;
			path = Termsy/Platform;
			sourceTree = "<group>";
		};
		A6B5AC752F7F7BE9002ED882 /* Termsy */ = {
			isa = PBXFileSystemSynchronizedRootGroup;
			path = Termsy;
			sourceTree = "<group>";
		};
		A6B5AC832F7F7BEA002ED882 /* TermsyTests */ = {
			isa = PBXFileSystemSynchronizedRootGroup;
			path = TermsyTests;
			sourceTree = "<group>";
		};
		A6B5AC8D2F7F7BEA002ED882 /* TermsyUITests */ = {
			isa = PBXFileSystemSynchronizedRootGroup;
			path = TermsyUITests;
			sourceTree = "<group>";
		};
/* End PBXFileSystemSynchronizedRootGroup section */

/* Begin PBXFrameworksBuildPhase section */
		6E879997C509D28B3032074F /* Frameworks */ = {
			isa = PBXFrameworksBuildPhase;
			buildActionMask = 2147483647;
			files = (
				ED8BD57F904B11F9266DD8E7 /* GhosttyKit in Frameworks */,
				0C7D09F34416420DC45E5502 /* GhosttyTerminal in Frameworks */,
				791CBF944BC00E232F44FDF8 /* NIOCore in Frameworks */,
				2E7A5F0FA800F41C6235CA58 /* NIOFoundationCompat in Frameworks */,
				FC1DABAB48A9C00310B65FB0 /* NIOSSH in Frameworks */,
				BA66B3468CE896C6C148382F /* NIOTransportServices in Frameworks */,
				1DA012FF1D6E47A5C4526CDD /* GRDB in Frameworks */,
				45EDDB69BB96778846B2D67B /* GRDBQuery in Frameworks */,
			);
			runOnlyForDeploymentPostprocessing = 0;
		};
		A6B5AC702F7F7BE9002ED882 /* Frameworks */ = {
			isa = PBXFrameworksBuildPhase;
			buildActionMask = 2147483647;
			files = (
				A6B5ACB22F808000002ED882 /* GhosttyKit in Frameworks */,
				A6B5ACD72F809100002ED882 /* NIOCore in Frameworks */,
				A6B5B2892F80ABBA002ED882 /* GRDBQuery in Frameworks */,
				A6B5ACD82F809100002ED882 /* NIOFoundationCompat in Frameworks */,
				A6B5B2862F80AB96002ED882 /* GRDB in Frameworks */,
				A6B5ACD92F809100002ED882 /* NIOSSH in Frameworks */,
				A6B5ACDA2F809100002ED882 /* NIOTransportServices in Frameworks */,
			);
			runOnlyForDeploymentPostprocessing = 0;
		};
		A6B5AC7D2F7F7BEA002ED882 /* Frameworks */ = {
			isa = PBXFrameworksBuildPhase;
			buildActionMask = 2147483647;
			files = (
			);
			runOnlyForDeploymentPostprocessing = 0;
		};
		A6B5AC872F7F7BEA002ED882 /* Frameworks */ = {
			isa = PBXFrameworksBuildPhase;
			buildActionMask = 2147483647;
			files = (
			);
			runOnlyForDeploymentPostprocessing = 0;
		};
/* End PBXFrameworksBuildPhase section */

/* Begin PBXGroup section */
		A6B5AC6A2F7F7BE9002ED882 = {
			isa = PBXGroup;
			children = (
				1783916213A44D02C861C5C0 /* TermsyMac */,
				031544C03F3EEB5EA3B3EAFF /* Termsy/Models */,
				2FC9AD2DEB76E926B47026C9 /* Termsy/SSH */,
				34F32C831C6CDBA240338E57 /* Termsy/Platform */,
				A6B5AC752F7F7BE9002ED882 /* Termsy */,
				A6B5AC832F7F7BEA002ED882 /* TermsyTests */,
				A6B5AC8D2F7F7BEA002ED882 /* TermsyUITests */,
				A6B5ACA22F7F7D3E002ED882 /* Frameworks */,
				A6B5AC742F7F7BE9002ED882 /* Products */,
			);
			sourceTree = "<group>";
		};
		A6B5AC742F7F7BE9002ED882 /* Products */ = {
			isa = PBXGroup;
			children = (
				A6B5AC732F7F7BE9002ED882 /* Termsy.app */,
				40A863FA45E38E353C433157 /* TermsyMac.app */,
				A6B5AC802F7F7BEA002ED882 /* TermsyTests.xctest */,
				A6B5AC8A2F7F7BEA002ED882 /* TermsyUITests.xctest */,
			);
			name = Products;
			sourceTree = "<group>";
		};
		A6B5ACA22F7F7D3E002ED882 /* Frameworks */ = {
			isa = PBXGroup;
			children = (
			);
			name = Frameworks;
			sourceTree = "<group>";
		};
/* End PBXGroup section */

/* Begin PBXNativeTarget section */
		60075403701494F8457396D5 /* TermsyMac */ = {
			isa = PBXNativeTarget;
			buildConfigurationList = F261E87AAF51D7E464C84407 /* Build configuration list for PBXNativeTarget "TermsyMac" */;
			buildPhases = (
				C455310ECF590E75EE5FDA07 /* Sources */,
				6E879997C509D28B3032074F /* Frameworks */,
				A7C2DE1D8FF438090844EC6B /* Resources */,
			);
			buildRules = (
			);
			dependencies = (
			);
			fileSystemSynchronizedGroups = (
				031544C03F3EEB5EA3B3EAFF /* Termsy/Models */,
				1783916213A44D02C861C5C0 /* TermsyMac */,
				2FC9AD2DEB76E926B47026C9 /* Termsy/SSH */,
				34F32C831C6CDBA240338E57 /* Termsy/Platform */,
			);
			name = TermsyMac;
			packageProductDependencies = (
				A6B5ACB12F808000002ED882 /* GhosttyKit */,
				D82EC482864275C18DDA7148 /* GhosttyTerminal */,
				A6B5ACD32F809100002ED882 /* NIOCore */,
				A6B5ACD42F809100002ED882 /* NIOFoundationCompat */,
				A6B5ACD52F809100002ED882 /* NIOSSH */,
				A6B5ACD62F809100002ED882 /* NIOTransportServices */,
				A6B5B2852F80AB96002ED882 /* GRDB */,
				A6B5B2882F80ABBA002ED882 /* GRDBQuery */,
			);
			productName = TermsyMac;
			productReference = 40A863FA45E38E353C433157 /* TermsyMac.app */;
			productType = "com.apple.product-type.application";
		};
		A6B5AC722F7F7BE9002ED882 /* Termsy */ = {
			isa = PBXNativeTarget;
			buildConfigurationList = A6B5AC942F7F7BEA002ED882 /* Build configuration list for PBXNativeTarget "Termsy" */;
			buildPhases = (
				A6B5AC6F2F7F7BE9002ED882 /* Sources */,
				A6B5AC702F7F7BE9002ED882 /* Frameworks */,
				A6B5AC712F7F7BE9002ED882 /* Resources */,
			);
			buildRules = (
			);
			dependencies = (
			);
			fileSystemSynchronizedGroups = (
				A6B5AC752F7F7BE9002ED882 /* Termsy */,
			);
			name = Termsy;
			packageProductDependencies = (
				A6B5ACB12F808000002ED882 /* GhosttyKit */,
				A6B5ACD32F809100002ED882 /* NIOCore */,
				A6B5ACD42F809100002ED882 /* NIOFoundationCompat */,
				A6B5ACD52F809100002ED882 /* NIOSSH */,
				A6B5ACD62F809100002ED882 /* NIOTransportServices */,
				A6B5B2852F80AB96002ED882 /* GRDB */,
				A6B5B2882F80ABBA002ED882 /* GRDBQuery */,
			);
			productName = Termsy;
			productReference = A6B5AC732F7F7BE9002ED882 /* Termsy.app */;
			productType = "com.apple.product-type.application";
		};
		A6B5AC7F2F7F7BEA002ED882 /* TermsyTests */ = {
			isa = PBXNativeTarget;
			buildConfigurationList = A6B5AC972F7F7BEA002ED882 /* Build configuration list for PBXNativeTarget "TermsyTests" */;
			buildPhases = (
				A6B5AC7C2F7F7BEA002ED882 /* Sources */,
				A6B5AC7D2F7F7BEA002ED882 /* Frameworks */,
				A6B5AC7E2F7F7BEA002ED882 /* Resources */,
			);
			buildRules = (
			);
			dependencies = (
				A6B5AC822F7F7BEA002ED882 /* PBXTargetDependency */,
			);
			fileSystemSynchronizedGroups = (
				A6B5AC832F7F7BEA002ED882 /* TermsyTests */,
			);
			name = TermsyTests;
			packageProductDependencies = (
			);
			productName = TermsyTests;
			productReference = A6B5AC802F7F7BEA002ED882 /* TermsyTests.xctest */;
			productType = "com.apple.product-type.bundle.unit-test";
		};
		A6B5AC892F7F7BEA002ED882 /* TermsyUITests */ = {
			isa = PBXNativeTarget;
			buildConfigurationList = A6B5AC9A2F7F7BEA002ED882 /* Build configuration list for PBXNativeTarget "TermsyUITests" */;
			buildPhases = (
				A6B5AC862F7F7BEA002ED882 /* Sources */,
				A6B5AC872F7F7BEA002ED882 /* Frameworks */,
				A6B5AC882F7F7BEA002ED882 /* Resources */,
			);
			buildRules = (
			);
			dependencies = (
				A6B5AC8C2F7F7BEA002ED882 /* PBXTargetDependency */,
			);
			fileSystemSynchronizedGroups = (
				A6B5AC8D2F7F7BEA002ED882 /* TermsyUITests */,
			);
			name = TermsyUITests;
			packageProductDependencies = (
			);
			productName = TermsyUITests;
			productReference = A6B5AC8A2F7F7BEA002ED882 /* TermsyUITests.xctest */;
			productType = "com.apple.product-type.bundle.ui-testing";
		};
/* End PBXNativeTarget section */

/* Begin PBXProject section */
		A6B5AC6B2F7F7BE9002ED882 /* Project object */ = {
			isa = PBXProject;
			attributes = {
				BuildIndependentTargetsInParallel = 1;
				LastSwiftUpdateCheck = 2630;
				LastUpgradeCheck = 2630;
				TargetAttributes = {
					60075403701494F8457396D5 = {
						CreatedOnToolsVersion = 26.3;
					};
					A6B5AC722F7F7BE9002ED882 = {
						CreatedOnToolsVersion = 26.3;
						SystemCapabilities = {
							com.apple.iCloud = {
								enabled = 1;
							};
						};
					};
					A6B5AC7F2F7F7BEA002ED882 = {
						CreatedOnToolsVersion = 26.3;
						TestTargetID = A6B5AC722F7F7BE9002ED882;
					};
					A6B5AC892F7F7BEA002ED882 = {
						CreatedOnToolsVersion = 26.3;
						TestTargetID = A6B5AC722F7F7BE9002ED882;
					};
				};
			};
			buildConfigurationList = A6B5AC6E2F7F7BE9002ED882 /* Build configuration list for PBXProject "Termsy" */;
			developmentRegion = en;
			hasScannedForEncodings = 0;
			knownRegions = (
				en,
				Base,
			);
			mainGroup = A6B5AC6A2F7F7BE9002ED882;
			minimizedProjectReferenceProxies = 1;
			packageReferences = (
				A6B5ACB02F808000002ED882 /* XCRemoteSwiftPackageReference "libghostty-spm" */,
				A6B5ACD02F809100002ED882 /* XCRemoteSwiftPackageReference "swift-nio" */,
				A6B5ACD12F809100002ED882 /* XCRemoteSwiftPackageReference "swift-nio-ssh" */,
				A6B5ACD22F809100002ED882 /* XCRemoteSwiftPackageReference "swift-nio-transport-services" */,
				A6B5B2842F80AB96002ED882 /* XCRemoteSwiftPackageReference "GRDB" */,
				A6B5B2872F80ABBA002ED882 /* XCRemoteSwiftPackageReference "GRDBQuery" */,
			);
			preferredProjectObjectVersion = 77;
			productRefGroup = A6B5AC742F7F7BE9002ED882 /* Products */;
			projectDirPath = "";
			projectRoot = "";
			targets = (
				A6B5AC722F7F7BE9002ED882 /* Termsy */,
				A6B5AC7F2F7F7BEA002ED882 /* TermsyTests */,
				A6B5AC892F7F7BEA002ED882 /* TermsyUITests */,
				60075403701494F8457396D5 /* TermsyMac */,
			);
		};
/* End PBXProject section */

/* Begin PBXResourcesBuildPhase section */
		A6B5AC712F7F7BE9002ED882 /* Resources */ = {
			isa = PBXResourcesBuildPhase;
			buildActionMask = 2147483647;
			files = (
			);
			runOnlyForDeploymentPostprocessing = 0;
		};
		A6B5AC7E2F7F7BEA002ED882 /* Resources */ = {
			isa = PBXResourcesBuildPhase;
			buildActionMask = 2147483647;
			files = (
			);
			runOnlyForDeploymentPostprocessing = 0;
		};
		A6B5AC882F7F7BEA002ED882 /* Resources */ = {
			isa = PBXResourcesBuildPhase;
			buildActionMask = 2147483647;
			files = (
			);
			runOnlyForDeploymentPostprocessing = 0;
		};
		A7C2DE1D8FF438090844EC6B /* Resources */ = {
			isa = PBXResourcesBuildPhase;
			buildActionMask = 2147483647;
			files = (
			);
			runOnlyForDeploymentPostprocessing = 0;
		};
/* End PBXResourcesBuildPhase section */

/* Begin PBXSourcesBuildPhase section */
		A6B5AC6F2F7F7BE9002ED882 /* Sources */ = {
			isa = PBXSourcesBuildPhase;
			buildActionMask = 2147483647;
			files = (
			);
			runOnlyForDeploymentPostprocessing = 0;
		};
		A6B5AC7C2F7F7BEA002ED882 /* Sources */ = {
			isa = PBXSourcesBuildPhase;
			buildActionMask = 2147483647;
			files = (
			);
			runOnlyForDeploymentPostprocessing = 0;
		};
		A6B5AC862F7F7BEA002ED882 /* Sources */ = {
			isa = PBXSourcesBuildPhase;
			buildActionMask = 2147483647;
			files = (
			);
			runOnlyForDeploymentPostprocessing = 0;
		};
		C455310ECF590E75EE5FDA07 /* Sources */ = {
			isa = PBXSourcesBuildPhase;
			buildActionMask = 2147483647;
			files = (
			);
			runOnlyForDeploymentPostprocessing = 0;
		};
/* End PBXSourcesBuildPhase section */

/* Begin PBXTargetDependency section */
		A6B5AC822F7F7BEA002ED882 /* PBXTargetDependency */ = {
			isa = PBXTargetDependency;
			target = A6B5AC722F7F7BE9002ED882 /* Termsy */;
			targetProxy = A6B5AC812F7F7BEA002ED882 /* PBXContainerItemProxy */;
		};
		A6B5AC8C2F7F7BEA002ED882 /* PBXTargetDependency */ = {
			isa = PBXTargetDependency;
			target = A6B5AC722F7F7BE9002ED882 /* Termsy */;
			targetProxy = A6B5AC8B2F7F7BEA002ED882 /* PBXContainerItemProxy */;
		};
/* End PBXTargetDependency section */

/* Begin XCBuildConfiguration section */
		A6B5AC922F7F7BEA002ED882 /* Debug */ = {
			isa = XCBuildConfiguration;
			buildSettings = {
				ALWAYS_SEARCH_USER_PATHS = NO;
				ASSETCATALOG_COMPILER_GENERATE_SWIFT_ASSET_SYMBOL_EXTENSIONS = YES;
				CLANG_ANALYZER_NONNULL = YES;
				CLANG_ANALYZER_NUMBER_OBJECT_CONVERSION = YES_AGGRESSIVE;
				CLANG_CXX_LANGUAGE_STANDARD = "gnu++20";
				CLANG_ENABLE_MODULES = YES;
				CLANG_ENABLE_OBJC_ARC = YES;
				CLANG_ENABLE_OBJC_WEAK = YES;
				CLANG_WARN_BLOCK_CAPTURE_AUTORELEASING = YES;
				CLANG_WARN_BOOL_CONVERSION = YES;
				CLANG_WARN_COMMA = YES;
				CLANG_WARN_CONSTANT_CONVERSION = YES;
				CLANG_WARN_DEPRECATED_OBJC_IMPLEMENTATIONS = YES;
				CLANG_WARN_DIRECT_OBJC_ISA_USAGE = YES_ERROR;
				CLANG_WARN_DOCUMENTATION_COMMENTS = YES;
				CLANG_WARN_EMPTY_BODY = YES;
				CLANG_WARN_ENUM_CONVERSION = YES;
				CLANG_WARN_INFINITE_RECURSION = YES;
				CLANG_WARN_INT_CONVERSION = YES;
				CLANG_WARN_NON_LITERAL_NULL_CONVERSION = YES;
				CLANG_WARN_OBJC_IMPLICIT_RETAIN_SELF = YES;
				CLANG_WARN_OBJC_LITERAL_CONVERSION = YES;
				CLANG_WARN_OBJC_ROOT_CLASS = YES_ERROR;
				CLANG_WARN_QUOTED_INCLUDE_IN_FRAMEWORK_HEADER = YES;
				CLANG_WARN_RANGE_LOOP_ANALYSIS = YES;
				CLANG_WARN_STRICT_PROTOTYPES = YES;
				CLANG_WARN_SUSPICIOUS_MOVE = YES;
				CLANG_WARN_UNGUARDED_AVAILABILITY = YES_AGGRESSIVE;
				CLANG_WARN_UNREACHABLE_CODE = YES;
				CLANG_WARN__DUPLICATE_METHOD_MATCH = YES;
				COPY_PHASE_STRIP = NO;
				DEBUG_INFORMATION_FORMAT = dwarf;
				DEVELOPMENT_TEAM = Z773AM52SJ;
				ENABLE_STRICT_OBJC_MSGSEND = YES;
				ENABLE_TESTABILITY = YES;
				ENABLE_USER_SCRIPT_SANDBOXING = YES;
				GCC_C_LANGUAGE_STANDARD = gnu17;
				GCC_DYNAMIC_NO_PIC = NO;
				GCC_NO_COMMON_BLOCKS = YES;
				GCC_OPTIMIZATION_LEVEL = 0;
				GCC_PREPROCESSOR_DEFINITIONS = (
					"DEBUG=1",
					"$(inherited)",
				);
				GCC_WARN_64_TO_32_BIT_CONVERSION = YES;
				GCC_WARN_ABOUT_RETURN_TYPE = YES_ERROR;
				GCC_WARN_UNDECLARED_SELECTOR = YES;
				GCC_WARN_UNINITIALIZED_AUTOS = YES_AGGRESSIVE;
				GCC_WARN_UNUSED_FUNCTION = YES;
				GCC_WARN_UNUSED_VARIABLE = YES;
				IPHONEOS_DEPLOYMENT_TARGET = 26.2;
				LOCALIZATION_PREFERS_STRING_CATALOGS = YES;
				MTL_ENABLE_DEBUG_INFO = INCLUDE_SOURCE;
				MTL_FAST_MATH = YES;
				ONLY_ACTIVE_ARCH = YES;
				SDKROOT = iphoneos;
				SWIFT_ACTIVE_COMPILATION_CONDITIONS = "DEBUG $(inherited)";
				SWIFT_OPTIMIZATION_LEVEL = "-Onone";
			};
			name = Debug;
		};
		A6B5AC932F7F7BEA002ED882 /* Release */ = {
			isa = XCBuildConfiguration;
			buildSettings = {
				ALWAYS_SEARCH_USER_PATHS = NO;
				ASSETCATALOG_COMPILER_GENERATE_SWIFT_ASSET_SYMBOL_EXTENSIONS = YES;
				CLANG_ANALYZER_NONNULL = YES;
				CLANG_ANALYZER_NUMBER_OBJECT_CONVERSION = YES_AGGRESSIVE;
				CLANG_CXX_LANGUAGE_STANDARD = "gnu++20";
				CLANG_ENABLE_MODULES = YES;
				CLANG_ENABLE_OBJC_ARC = YES;
				CLANG_ENABLE_OBJC_WEAK = YES;
				CLANG_WARN_BLOCK_CAPTURE_AUTORELEASING = YES;
				CLANG_WARN_BOOL_CONVERSION = YES;
				CLANG_WARN_COMMA = YES;
				CLANG_WARN_CONSTANT_CONVERSION = YES;
				CLANG_WARN_DEPRECATED_OBJC_IMPLEMENTATIONS = YES;
				CLANG_WARN_DIRECT_OBJC_ISA_USAGE = YES_ERROR;
				CLANG_WARN_DOCUMENTATION_COMMENTS = YES;
				CLANG_WARN_EMPTY_BODY = YES;
				CLANG_WARN_ENUM_CONVERSION = YES;
				CLANG_WARN_INFINITE_RECURSION = YES;
				CLANG_WARN_INT_CONVERSION = YES;
				CLANG_WARN_NON_LITERAL_NULL_CONVERSION = YES;
				CLANG_WARN_OBJC_IMPLICIT_RETAIN_SELF = YES;
				CLANG_WARN_OBJC_LITERAL_CONVERSION = YES;
				CLANG_WARN_OBJC_ROOT_CLASS = YES_ERROR;
				CLANG_WARN_QUOTED_INCLUDE_IN_FRAMEWORK_HEADER = YES;
				CLANG_WARN_RANGE_LOOP_ANALYSIS = YES;
				CLANG_WARN_STRICT_PROTOTYPES = YES;
				CLANG_WARN_SUSPICIOUS_MOVE = YES;
				CLANG_WARN_UNGUARDED_AVAILABILITY = YES_AGGRESSIVE;
				CLANG_WARN_UNREACHABLE_CODE = YES;
				CLANG_WARN__DUPLICATE_METHOD_MATCH = YES;
				COPY_PHASE_STRIP = NO;
				DEBUG_INFORMATION_FORMAT = "dwarf-with-dsym";
				DEVELOPMENT_TEAM = Z773AM52SJ;
				ENABLE_NS_ASSERTIONS = NO;
				ENABLE_STRICT_OBJC_MSGSEND = YES;
				ENABLE_USER_SCRIPT_SANDBOXING = YES;
				GCC_C_LANGUAGE_STANDARD = gnu17;
				GCC_NO_COMMON_BLOCKS = YES;
				GCC_WARN_64_TO_32_BIT_CONVERSION = YES;
				GCC_WARN_ABOUT_RETURN_TYPE = YES_ERROR;
				GCC_WARN_UNDECLARED_SELECTOR = YES;
				GCC_WARN_UNINITIALIZED_AUTOS = YES_AGGRESSIVE;
				GCC_WARN_UNUSED_FUNCTION = YES;
				GCC_WARN_UNUSED_VARIABLE = YES;
				IPHONEOS_DEPLOYMENT_TARGET = 26.2;
				LOCALIZATION_PREFERS_STRING_CATALOGS = YES;
				MTL_ENABLE_DEBUG_INFO = NO;
				MTL_FAST_MATH = YES;
				SDKROOT = iphoneos;
				SWIFT_COMPILATION_MODE = wholemodule;
				VALIDATE_PRODUCT = YES;
			};
			name = Release;
		};
		A6B5AC952F7F7BEA002ED882 /* Debug */ = {
			isa = XCBuildConfiguration;
			buildSettings = {
				ASSETCATALOG_COMPILER_APPICON_NAME = AppIcon;
				ASSETCATALOG_COMPILER_GLOBAL_ACCENT_COLOR_NAME = AccentColor;
				CODE_SIGN_ENTITLEMENTS = Termsy/Termsy.entitlements;
				CODE_SIGN_STYLE = Automatic;
				CURRENT_PROJECT_VERSION = 1;
				DEVELOPMENT_TEAM = Z773AM52SJ;
				ENABLE_APP_SANDBOX = YES;
				ENABLE_HARDENED_RUNTIME = YES;
				ENABLE_OUTGOING_NETWORK_CONNECTIONS = YES;
				ENABLE_PREVIEWS = YES;
				GENERATE_INFOPLIST_FILE = YES;
				INFOPLIST_KEY_ITSAppUsesNonExemptEncryption = NO;
				INFOPLIST_KEY_UIApplicationSceneManifest_Generation = YES;
				INFOPLIST_KEY_UIApplicationSupportsIndirectInputEvents = YES;
				INFOPLIST_KEY_UILaunchScreen_Generation = YES;
				INFOPLIST_KEY_UISupportedInterfaceOrientations_iPad = "UIInterfaceOrientationPortrait UIInterfaceOrientationPortraitUpsideDown UIInterfaceOrientationLandscapeLeft UIInterfaceOrientationLandscapeRight";
				INFOPLIST_KEY_UISupportedInterfaceOrientations_iPhone = "UIInterfaceOrientationPortrait UIInterfaceOrientationLandscapeLeft UIInterfaceOrientationLandscapeRight";
				LD_RUNPATH_SEARCH_PATHS = (
					"$(inherited)",
					"@executable_path/Frameworks",
				);
				MARKETING_VERSION = 1.0;
				PRODUCT_BUNDLE_IDENTIFIER = fm.folder.Termsy;
				PRODUCT_NAME = "$(TARGET_NAME)";
				REGISTER_APP_GROUPS = YES;
				STRING_CATALOG_GENERATE_SYMBOLS = YES;
				SUPPORTED_PLATFORMS = "iphoneos iphonesimulator macosx";
				SUPPORTS_MACCATALYST = NO;
				SUPPORTS_MAC_DESIGNED_FOR_IPHONE_IPAD = NO;
				SUPPORTS_XR_DESIGNED_FOR_IPHONE_IPAD = NO;
				SWIFT_APPROACHABLE_CONCURRENCY = YES;
				SWIFT_DEFAULT_ACTOR_ISOLATION = MainActor;
				SWIFT_EMIT_LOC_STRINGS = YES;
				SWIFT_UPCOMING_FEATURE_MEMBER_IMPORT_VISIBILITY = YES;
				SWIFT_VERSION = 5.0;
				TARGETED_DEVICE_FAMILY = "1,2";
			};
			name = Debug;
		};
		A6B5AC962F7F7BEA002ED882 /* Release */ = {
			isa = XCBuildConfiguration;
			buildSettings = {
				ASSETCATALOG_COMPILER_APPICON_NAME = AppIcon;
				ASSETCATALOG_COMPILER_GLOBAL_ACCENT_COLOR_NAME = AccentColor;
				CODE_SIGN_ENTITLEMENTS = Termsy/Termsy.entitlements;
				CODE_SIGN_STYLE = Automatic;
				CURRENT_PROJECT_VERSION = 1;
				DEVELOPMENT_TEAM = Z773AM52SJ;
				ENABLE_APP_SANDBOX = YES;
				ENABLE_HARDENED_RUNTIME = YES;
				ENABLE_OUTGOING_NETWORK_CONNECTIONS = YES;
				ENABLE_PREVIEWS = YES;
				GENERATE_INFOPLIST_FILE = YES;
				INFOPLIST_KEY_ITSAppUsesNonExemptEncryption = NO;
				INFOPLIST_KEY_UIApplicationSceneManifest_Generation = YES;
				INFOPLIST_KEY_UIApplicationSupportsIndirectInputEvents = YES;
				INFOPLIST_KEY_UILaunchScreen_Generation = YES;
				INFOPLIST_KEY_UISupportedInterfaceOrientations_iPad = "UIInterfaceOrientationPortrait UIInterfaceOrientationPortraitUpsideDown UIInterfaceOrientationLandscapeLeft UIInterfaceOrientationLandscapeRight";
				INFOPLIST_KEY_UISupportedInterfaceOrientations_iPhone = "UIInterfaceOrientationPortrait UIInterfaceOrientationLandscapeLeft UIInterfaceOrientationLandscapeRight";
				LD_RUNPATH_SEARCH_PATHS = (
					"$(inherited)",
					"@executable_path/Frameworks",
				);
				MARKETING_VERSION = 1.0;
				PRODUCT_BUNDLE_IDENTIFIER = fm.folder.Termsy;
				PRODUCT_NAME = "$(TARGET_NAME)";
				REGISTER_APP_GROUPS = YES;
				STRING_CATALOG_GENERATE_SYMBOLS = YES;
				SUPPORTED_PLATFORMS = "iphoneos iphonesimulator macosx";
				SUPPORTS_MACCATALYST = NO;
				SUPPORTS_MAC_DESIGNED_FOR_IPHONE_IPAD = NO;
				SUPPORTS_XR_DESIGNED_FOR_IPHONE_IPAD = NO;
				SWIFT_APPROACHABLE_CONCURRENCY = YES;
				SWIFT_DEFAULT_ACTOR_ISOLATION = MainActor;
				SWIFT_EMIT_LOC_STRINGS = YES;
				SWIFT_UPCOMING_FEATURE_MEMBER_IMPORT_VISIBILITY = YES;
				SWIFT_VERSION = 5.0;
				TARGETED_DEVICE_FAMILY = "1,2";
			};
			name = Release;
		};
		A6B5AC982F7F7BEA002ED882 /* Debug */ = {
			isa = XCBuildConfiguration;
			buildSettings = {
				BUNDLE_LOADER = "$(TEST_HOST)";
				CODE_SIGN_STYLE = Automatic;
				CURRENT_PROJECT_VERSION = 1;
				DEVELOPMENT_TEAM = Z773AM52SJ;
				GENERATE_INFOPLIST_FILE = YES;
				IPHONEOS_DEPLOYMENT_TARGET = 26.2;
				MARKETING_VERSION = 1.0;
				PRODUCT_BUNDLE_IDENTIFIER = fm.folder.TermsyTests;
				PRODUCT_NAME = "$(TARGET_NAME)";
				STRING_CATALOG_GENERATE_SYMBOLS = NO;
				SWIFT_APPROACHABLE_CONCURRENCY = YES;
				SWIFT_EMIT_LOC_STRINGS = NO;
				SWIFT_UPCOMING_FEATURE_MEMBER_IMPORT_VISIBILITY = YES;
				SWIFT_VERSION = 5.0;
				TARGETED_DEVICE_FAMILY = "1,2";
				TEST_HOST = "$(BUILT_PRODUCTS_DIR)/Termsy.app/$(BUNDLE_EXECUTABLE_FOLDER_PATH)/Termsy";
			};
			name = Debug;
		};
		A6B5AC992F7F7BEA002ED882 /* Release */ = {
			isa = XCBuildConfiguration;
			buildSettings = {
				BUNDLE_LOADER = "$(TEST_HOST)";
				CODE_SIGN_STYLE = Automatic;
				CURRENT_PROJECT_VERSION = 1;
				DEVELOPMENT_TEAM = Z773AM52SJ;
				GENERATE_INFOPLIST_FILE = YES;
				IPHONEOS_DEPLOYMENT_TARGET = 26.2;
				MARKETING_VERSION = 1.0;
				PRODUCT_BUNDLE_IDENTIFIER = fm.folder.TermsyTests;
				PRODUCT_NAME = "$(TARGET_NAME)";
				STRING_CATALOG_GENERATE_SYMBOLS = NO;
				SWIFT_APPROACHABLE_CONCURRENCY = YES;
				SWIFT_EMIT_LOC_STRINGS = NO;
				SWIFT_UPCOMING_FEATURE_MEMBER_IMPORT_VISIBILITY = YES;
				SWIFT_VERSION = 5.0;
				TARGETED_DEVICE_FAMILY = "1,2";
				TEST_HOST = "$(BUILT_PRODUCTS_DIR)/Termsy.app/$(BUNDLE_EXECUTABLE_FOLDER_PATH)/Termsy";
			};
			name = Release;
		};
		A6B5AC9B2F7F7BEA002ED882 /* Debug */ = {
			isa = XCBuildConfiguration;
			buildSettings = {
				CODE_SIGN_STYLE = Automatic;
				CURRENT_PROJECT_VERSION = 1;
				DEVELOPMENT_TEAM = Z773AM52SJ;
				GENERATE_INFOPLIST_FILE = YES;
				MARKETING_VERSION = 1.0;
				PRODUCT_BUNDLE_IDENTIFIER = fm.folder.TermsyUITests;
				PRODUCT_NAME = "$(TARGET_NAME)";
				STRING_CATALOG_GENERATE_SYMBOLS = NO;
				SWIFT_APPROACHABLE_CONCURRENCY = YES;
				SWIFT_EMIT_LOC_STRINGS = NO;
				SWIFT_UPCOMING_FEATURE_MEMBER_IMPORT_VISIBILITY = YES;
				SWIFT_VERSION = 5.0;
				TARGETED_DEVICE_FAMILY = "1,2";
				TEST_TARGET_NAME = Termsy;
			};
			name = Debug;
		};
		A6B5AC9C2F7F7BEA002ED882 /* Release */ = {
			isa = XCBuildConfiguration;
			buildSettings = {
				CODE_SIGN_STYLE = Automatic;
				CURRENT_PROJECT_VERSION = 1;
				DEVELOPMENT_TEAM = Z773AM52SJ;
				GENERATE_INFOPLIST_FILE = YES;
				MARKETING_VERSION = 1.0;
				PRODUCT_BUNDLE_IDENTIFIER = fm.folder.TermsyUITests;
				PRODUCT_NAME = "$(TARGET_NAME)";
				STRING_CATALOG_GENERATE_SYMBOLS = NO;
				SWIFT_APPROACHABLE_CONCURRENCY = YES;
				SWIFT_EMIT_LOC_STRINGS = NO;
				SWIFT_UPCOMING_FEATURE_MEMBER_IMPORT_VISIBILITY = YES;
				SWIFT_VERSION = 5.0;
				TARGETED_DEVICE_FAMILY = "1,2";
				TEST_TARGET_NAME = Termsy;
			};
			name = Release;
		};
		BD8FFFAA509D43741A8DD8B2 /* Release */ = {
			isa = XCBuildConfiguration;
			buildSettings = {
				ASSETCATALOG_COMPILER_APPICON_NAME = AppIcon;
				CODE_SIGN_STYLE = Automatic;
				CURRENT_PROJECT_VERSION = 1;
				DEVELOPMENT_TEAM = Z773AM52SJ;
				ENABLE_APP_SANDBOX = NO;
				ENABLE_HARDENED_RUNTIME = YES;
				ENABLE_PREVIEWS = YES;
				GENERATE_INFOPLIST_FILE = YES;
				LD_RUNPATH_SEARCH_PATHS = (
					"$(inherited)",
					"@executable_path/../Frameworks",
				);
				MACOSX_DEPLOYMENT_TARGET = 14.0;
				MARKETING_VERSION = 1.0;
				PRODUCT_BUNDLE_IDENTIFIER = fm.folder.TermsyMac;
				PRODUCT_NAME = "$(TARGET_NAME)";
				STRING_CATALOG_GENERATE_SYMBOLS = YES;
				SUPPORTED_PLATFORMS = macosx;
				SWIFT_APPROACHABLE_CONCURRENCY = YES;
				SWIFT_DEFAULT_ACTOR_ISOLATION = MainActor;
				SWIFT_EMIT_LOC_STRINGS = YES;
				SWIFT_UPCOMING_FEATURE_MEMBER_IMPORT_VISIBILITY = YES;
				SWIFT_VERSION = 5.0;
			};
			name = Release;
		};
		EE3AE24BCBFA59352809F278 /* Debug */ = {
			isa = XCBuildConfiguration;
			buildSettings = {
				ASSETCATALOG_COMPILER_APPICON_NAME = AppIcon;
				CODE_SIGN_STYLE = Automatic;
				CURRENT_PROJECT_VERSION = 1;
				DEVELOPMENT_TEAM = Z773AM52SJ;
				ENABLE_APP_SANDBOX = NO;
				ENABLE_HARDENED_RUNTIME = YES;
				ENABLE_PREVIEWS = YES;
				GENERATE_INFOPLIST_FILE = YES;
				LD_RUNPATH_SEARCH_PATHS = (
					"$(inherited)",
					"@executable_path/../Frameworks",
				);
				MACOSX_DEPLOYMENT_TARGET = 14.0;
				MARKETING_VERSION = 1.0;
				PRODUCT_BUNDLE_IDENTIFIER = fm.folder.TermsyMac;
				PRODUCT_NAME = "$(TARGET_NAME)";
				STRING_CATALOG_GENERATE_SYMBOLS = YES;
				SUPPORTED_PLATFORMS = macosx;
				SWIFT_APPROACHABLE_CONCURRENCY = YES;
				SWIFT_DEFAULT_ACTOR_ISOLATION = MainActor;
				SWIFT_EMIT_LOC_STRINGS = YES;
				SWIFT_UPCOMING_FEATURE_MEMBER_IMPORT_VISIBILITY = YES;
				SWIFT_VERSION = 5.0;
			};
			name = Debug;
		};
/* End XCBuildConfiguration section */

/* Begin XCConfigurationList section */
		A6B5AC6E2F7F7BE9002ED882 /* Build configuration list for PBXProject "Termsy" */ = {
			isa = XCConfigurationList;
			buildConfigurations = (
				A6B5AC922F7F7BEA002ED882 /* Debug */,
				A6B5AC932F7F7BEA002ED882 /* Release */,
			);
			defaultConfigurationIsVisible = 0;
			defaultConfigurationName = Release;
		};
		A6B5AC942F7F7BEA002ED882 /* Build configuration list for PBXNativeTarget "Termsy" */ = {
			isa = XCConfigurationList;
			buildConfigurations = (
				A6B5AC952F7F7BEA002ED882 /* Debug */,
				A6B5AC962F7F7BEA002ED882 /* Release */,
			);
			defaultConfigurationIsVisible = 0;
			defaultConfigurationName = Release;
		};
		A6B5AC972F7F7BEA002ED882 /* Build configuration list for PBXNativeTarget "TermsyTests" */ = {
			isa = XCConfigurationList;
			buildConfigurations = (
				A6B5AC982F7F7BEA002ED882 /* Debug */,
				A6B5AC992F7F7BEA002ED882 /* Release */,
			);
			defaultConfigurationIsVisible = 0;
			defaultConfigurationName = Release;
		};
		A6B5AC9A2F7F7BEA002ED882 /* Build configuration list for PBXNativeTarget "TermsyUITests" */ = {
			isa = XCConfigurationList;
			buildConfigurations = (
				A6B5AC9B2F7F7BEA002ED882 /* Debug */,
				A6B5AC9C2F7F7BEA002ED882 /* Release */,
			);
			defaultConfigurationIsVisible = 0;
			defaultConfigurationName = Release;
		};
		F261E87AAF51D7E464C84407 /* Build configuration list for PBXNativeTarget "TermsyMac" */ = {
			isa = XCConfigurationList;
			buildConfigurations = (
				EE3AE24BCBFA59352809F278 /* Debug */,
				BD8FFFAA509D43741A8DD8B2 /* Release */,
			);
			defaultConfigurationIsVisible = 0;
			defaultConfigurationName = Release;
		};
/* End XCConfigurationList section */

/* Begin XCRemoteSwiftPackageReference section */
		A6B5ACB02F808000002ED882 /* XCRemoteSwiftPackageReference "libghostty-spm" */ = {
			isa = XCRemoteSwiftPackageReference;
			repositoryURL = "https://github.com/Lakr233/libghostty-spm.git";
			requirement = {
				branch = main;
				kind = branch;
			};
		};
		A6B5ACD02F809100002ED882 /* XCRemoteSwiftPackageReference "swift-nio" */ = {
			isa = XCRemoteSwiftPackageReference;
			repositoryURL = "https://github.com/apple/swift-nio.git";
			requirement = {
				kind = upToNextMajorVersion;
				minimumVersion = 2.65.0;
			};
		};
		A6B5ACD12F809100002ED882 /* XCRemoteSwiftPackageReference "swift-nio-ssh" */ = {
			isa = XCRemoteSwiftPackageReference;
			repositoryURL = "https://github.com/apple/swift-nio-ssh.git";
			requirement = {
				kind = upToNextMajorVersion;
				minimumVersion = 0.9.0;
			};
		};
		A6B5ACD22F809100002ED882 /* XCRemoteSwiftPackageReference "swift-nio-transport-services" */ = {
			isa = XCRemoteSwiftPackageReference;
			repositoryURL = "https://github.com/apple/swift-nio-transport-services.git";
			requirement = {
				kind = upToNextMajorVersion;
				minimumVersion = 1.9.0;
			};
		};
		A6B5B2842F80AB96002ED882 /* XCRemoteSwiftPackageReference "GRDB" */ = {
			isa = XCRemoteSwiftPackageReference;
			repositoryURL = "https://github.com/groue/GRDB.swift";
			requirement = {
				branch = master;
				kind = branch;
			};
		};
		A6B5B2872F80ABBA002ED882 /* XCRemoteSwiftPackageReference "GRDBQuery" */ = {
			isa = XCRemoteSwiftPackageReference;
			repositoryURL = "https://github.com/groue/GRDBQuery";
			requirement = {
				kind = upToNextMajorVersion;
				minimumVersion = 0.11.0;
			};
		};
/* End XCRemoteSwiftPackageReference section */

/* Begin XCSwiftPackageProductDependency section */
		A6B5ACB12F808000002ED882 /* GhosttyKit */ = {
			isa = XCSwiftPackageProductDependency;
			package = A6B5ACB02F808000002ED882 /* XCRemoteSwiftPackageReference "libghostty-spm" */;
			productName = GhosttyKit;
		};
		A6B5ACD32F809100002ED882 /* NIOCore */ = {
			isa = XCSwiftPackageProductDependency;
			package = A6B5ACD02F809100002ED882 /* XCRemoteSwiftPackageReference "swift-nio" */;
			productName = NIOCore;
		};
		A6B5ACD42F809100002ED882 /* NIOFoundationCompat */ = {
			isa = XCSwiftPackageProductDependency;
			package = A6B5ACD02F809100002ED882 /* XCRemoteSwiftPackageReference "swift-nio" */;
			productName = NIOFoundationCompat;
		};
		A6B5ACD52F809100002ED882 /* NIOSSH */ = {
			isa = XCSwiftPackageProductDependency;
			package = A6B5ACD12F809100002ED882 /* XCRemoteSwiftPackageReference "swift-nio-ssh" */;
			productName = NIOSSH;
		};
		A6B5ACD62F809100002ED882 /* NIOTransportServices */ = {
			isa = XCSwiftPackageProductDependency;
			package = A6B5ACD22F809100002ED882 /* XCRemoteSwiftPackageReference "swift-nio-transport-services" */;
			productName = NIOTransportServices;
		};
		A6B5B2852F80AB96002ED882 /* GRDB */ = {
			isa = XCSwiftPackageProductDependency;
			package = A6B5B2842F80AB96002ED882 /* XCRemoteSwiftPackageReference "GRDB" */;
			productName = GRDB;
		};
		A6B5B2882F80ABBA002ED882 /* GRDBQuery */ = {
			isa = XCSwiftPackageProductDependency;
			package = A6B5B2872F80ABBA002ED882 /* XCRemoteSwiftPackageReference "GRDBQuery" */;
			productName = GRDBQuery;
		};
		D82EC482864275C18DDA7148 /* GhosttyTerminal */ = {
			isa = XCSwiftPackageProductDependency;
			package = A6B5ACB02F808000002ED882 /* XCRemoteSwiftPackageReference "libghostty-spm" */;
			productName = GhosttyTerminal;
		};
/* End XCSwiftPackageProductDependency section */
	};
	rootObject = A6B5AC6B2F7F7BE9002ED882 /* Project object */;
}
